[root]
name = "snappy_framed"
version = "0.1.0"
dependencies = [
 "crc 0.3.1 (registry+https://github.com/rust-lang/crates.io-index)",
 "dribble 0.1.0 (registry+https://github.com/rust-lang/crates.io-index)",
 "log 0.3.1 (registry+https://github.com/rust-lang/crates.io-index)",
 "snappy 0.2.0 (registry+https://github.com/rust-lang/crates.io-index)",
]

[[package]]
name = "crc"
version = "0.3.1"
source = "registry+https://github.com/rust-lang/crates.io-index"
dependencies = [
 "lazy_static 0.1.10 (registry+https://github.com/rust-lang/crates.io-index)",
]

[[package]]
name = "dribble"
version = "0.1.0"
source = "registry+https://github.com/rust-lang/crates.io-index"
dependencies = [
 "rand 0.3.8 (registry+https://github.com/rust-lang/crates.io-index)",
]

[[package]]
name = "lazy_static"
version = "0.1.10"
source = "registry+https://github.com/rust-lang/crates.io-index"

[[package]]
name = "libc"
version = "0.1.8"
source = "registry+https://github.com/rust-lang/crates.io-index"

[[package]]
name = "log"
version = "0.3.1"
source = "registry+https://github.com/rust-lang/crates.io-index"
dependencies = [
 "libc 0.1.8 (registry+https://github.com/rust-lang/crates.io-index)",
]

[[package]]
name = "rand"
version = "0.3.8"
source = "registry+https://github.com/rust-lang/crates.io-index"
dependencies = [
 "libc 0.1.8 (registry+https://github.com/rust-lang/crates.io-index)",
]

[[package]]
name = "snappy"
version = "0.2.0"
source = "registry+https://github.com/rust-lang/crates.io-index"
dependencies = [
 "libc 0.1.8 (registry+https://github.com/rust-lang/crates.io-index)",
]

